// !$*UTF8*$!
{
	archiveVersion = 1;
	classes = {
	};
	objectVersion = 56;
	objects = {

/* Begin PBXBuildFile section */
		8B20F7602BBDE4A400B80827 /* CreateSectionView.swift in Sources */ = {isa = PBXBuildFile; fileRef = 8B20F75F2BBDE4A400B80827 /* CreateSectionView.swift */; };
		8B3136B32BB204C4001AD76E /* Reminder.swift in Sources */ = {isa = PBXBuildFile; fileRef = 8B3136B22BB204C4001AD76E /* Reminder.swift */; };
		8B3136B52BB204E0001AD76E /* ReminderList.swift in Sources */ = {isa = PBXBuildFile; fileRef = 8B3136B42BB204E0001AD76E /* ReminderList.swift */; };
		8B3136B72BB2075B001AD76E /* ReminderListRowView.swift in Sources */ = {isa = PBXBuildFile; fileRef = 8B3136B62BB2075B001AD76E /* ReminderListRowView.swift */; };
		8B3136B92BB35C38001AD76E /* ReminderListView.swift in Sources */ = {isa = PBXBuildFile; fileRef = 8B3136B82BB35C38001AD76E /* ReminderListView.swift */; };
		8B3136BB2BB43043001AD76E /* ReminderRowView.swift in Sources */ = {isa = PBXBuildFile; fileRef = 8B3136BA2BB43043001AD76E /* ReminderRowView.swift */; };
		8B3136BF2BB4393C001AD76E /* ListCardView.swift in Sources */ = {isa = PBXBuildFile; fileRef = 8B3136BE2BB4393C001AD76E /* ListCardView.swift */; };
		8BA8A5E12BB0B5F60007FE6E /* Reminder_AppApp.swift in Sources */ = {isa = PBXBuildFile; fileRef = 8BA8A5E02BB0B5F60007FE6E /* Reminder_AppApp.swift */; };
		8BA8A5E32BB0B5F60007FE6E /* HomeView.swift in Sources */ = {isa = PBXBuildFile; fileRef = 8BA8A5E22BB0B5F60007FE6E /* HomeView.swift */; };
		8BA8A5E52BB0B5F80007FE6E /* Assets.xcassets in Resources */ = {isa = PBXBuildFile; fileRef = 8BA8A5E42BB0B5F80007FE6E /* Assets.xcassets */; };
		8BA8A5E82BB0B5F80007FE6E /* Preview Assets.xcassets in Resources */ = {isa = PBXBuildFile; fileRef = 8BA8A5E72BB0B5F80007FE6E /* Preview Assets.xcassets */; };
/* End PBXBuildFile section */

/* Begin PBXFileReference section */
		8B20F75F2BBDE4A400B80827 /* CreateSectionView.swift */ = {isa = PBXFileReference; lastKnownFileType = sourcecode.swift; path = CreateSectionView.swift; sourceTree = "<group>"; };
		8B3136B22BB204C4001AD76E /* Reminder.swift */ = {isa = PBXFileReference; lastKnownFileType = sourcecode.swift; path = Reminder.swift; sourceTree = "<group>"; };
		8B3136B42BB204E0001AD76E /* ReminderList.swift */ = {isa = PBXFileReference; lastKnownFileType = sourcecode.swift; path = ReminderList.swift; sourceTree = "<group>"; };
		8B3136B62BB2075B001AD76E /* ReminderListRowView.swift */ = {isa = PBXFileReference; lastKnownFileType = sourcecode.swift; path = ReminderListRowView.swift; sourceTree = "<group>"; };
		8B3136B82BB35C38001AD76E /* ReminderListView.swift */ = {isa = PBXFileReference; lastKnownFileType = sourcecode.swift; path = ReminderListView.swift; sourceTree = "<group>"; };
		8B3136BA2BB43043001AD76E /* ReminderRowView.swift */ = {isa = PBXFileReference; lastKnownFileType = sourcecode.swift; path = ReminderRowView.swift; sourceTree = "<group>"; };
		8B3136BE2BB4393C001AD76E /* ListCardView.swift */ = {isa = PBXFileReference; lastKnownFileType = sourcecode.swift; path = ListCardView.swift; sourceTree = "<group>"; };
		8BA8A5DD2BB0B5F60007FE6E /* Reminder App.app */ = {isa = PBXFileReference; explicitFileType = wrapper.application; includeInIndex = 0; path = "Reminder App.app"; sourceTree = BUILT_PRODUCTS_DIR; };
		8BA8A5E02BB0B5F60007FE6E /* Reminder_AppApp.swift */ = {isa = PBXFileReference; lastKnownFileType = sourcecode.swift; path = Reminder_AppApp.swift; sourceTree = "<group>"; };
		8BA8A5E22BB0B5F60007FE6E /* HomeView.swift */ = {isa = PBXFileReference; lastKnownFileType = sourcecode.swift; path = HomeView.swift; sourceTree = "<group>"; };
		8BA8A5E42BB0B5F80007FE6E /* Assets.xcassets */ = {isa = PBXFileReference; lastKnownFileType = folder.assetcatalog; path = Assets.xcassets; sourceTree = "<group>"; };
		8BA8A5E72BB0B5F80007FE6E /* Preview Assets.xcassets */ = {isa = PBXFileReference; lastKnownFileType = folder.assetcatalog; path = "Preview Assets.xcassets"; sourceTree = "<group>"; };
/* End PBXFileReference section */

/* Begin PBXFrameworksBuildPhase section */
		8BA8A5DA2BB0B5F60007FE6E /* Frameworks */ = {
			isa = PBXFrameworksBuildPhase;
			buildActionMask = 2147483647;
			files = (
			);
			runOnlyForDeploymentPostprocessing = 0;
		};
/* End PBXFrameworksBuildPhase section */

/* Begin PBXGroup section */
		8B3136B02BB2035B001AD76E /* View */ = {
			isa = PBXGroup;
			children = (
				8B3136BD2BB43840001AD76E /* Home */,
				8B3136BC2BB43825001AD76E /* Reminder */,
			);
			path = View;
			sourceTree = "<group>";
		};
		8B3136B12BB2036C001AD76E /* Model */ = {
			isa = PBXGroup;
			children = (
				8B3136B22BB204C4001AD76E /* Reminder.swift */,
				8B3136B42BB204E0001AD76E /* ReminderList.swift */,
			);
			path = Model;
			sourceTree = "<group>";
		};
		8B3136BC2BB43825001AD76E /* Reminder */ = {
			isa = PBXGroup;
			children = (
				8B3136B82BB35C38001AD76E /* ReminderListView.swift */,
				8B3136BA2BB43043001AD76E /* ReminderRowView.swift */,
			);
			path = Reminder;
			sourceTree = "<group>";
		};
		8B3136BD2BB43840001AD76E /* Home */ = {
			isa = PBXGroup;
			children = (
				8BA8A5E22BB0B5F60007FE6E /* HomeView.swift */,
				8B20F75F2BBDE4A400B80827 /* CreateSectionView.swift */,
				8B3136B62BB2075B001AD76E /* ReminderListRowView.swift */,
				8B3136BE2BB4393C001AD76E /* ListCardView.swift */,
			);
			path = Home;
			sourceTree = "<group>";
		};
		8BA8A5D42BB0B5F60007FE6E = {
			isa = PBXGroup;
			children = (
				8BA8A5DF2BB0B5F60007FE6E /* Reminder App */,
				8BA8A5DE2BB0B5F60007FE6E /* Products */,
			);
			sourceTree = "<group>";
		};
		8BA8A5DE2BB0B5F60007FE6E /* Products */ = {
			isa = PBXGroup;
			children = (
				8BA8A5DD2BB0B5F60007FE6E /* Reminder App.app */,
			);
			name = Products;
			sourceTree = "<group>";
		};
		8BA8A5DF2BB0B5F60007FE6E /* Reminder App */ = {
			isa = PBXGroup;
			children = (
				8BA8A5E02BB0B5F60007FE6E /* Reminder_AppApp.swift */,
				8B3136B12BB2036C001AD76E /* Model */,
				8B3136B02BB2035B001AD76E /* View */,
				8BA8A5E42BB0B5F80007FE6E /* Assets.xcassets */,
				8BA8A5E62BB0B5F80007FE6E /* Preview Content */,
			);
			path = "Reminder App";
			sourceTree = "<group>";
		};
		8BA8A5E62BB0B5F80007FE6E /* Preview Content */ = {
			isa = PBXGroup;
			children = (
				8BA8A5E72BB0B5F80007FE6E /* Preview Assets.xcassets */,
			);
			path = "Preview Content";
			sourceTree = "<group>";
		};
/* End PBXGroup section */

/* Begin PBXNativeTarget section */
		8BA8A5DC2BB0B5F60007FE6E /* Reminder App */ = {
			isa = PBXNativeTarget;
			buildConfigurationList = 8BA8A5EB2BB0B5F80007FE6E /* Build configuration list for PBXNativeTarget "Reminder App" */;
			buildPhases = (
				8BA8A5D92BB0B5F60007FE6E /* Sources */,
				8BA8A5DA2BB0B5F60007FE6E /* Frameworks */,
				8BA8A5DB2BB0B5F60007FE6E /* Resources */,
			);
			buildRules = (
			);
			dependencies = (
			);
			name = "Reminder App";
			productName = "Reminder App";
			productReference = 8BA8A5DD2BB0B5F60007FE6E /* Reminder App.app */;
			productType = "com.apple.product-type.application";
		};
/* End PBXNativeTarget section */

/* Begin PBXProject section */
		8BA8A5D52BB0B5F60007FE6E /* Project object */ = {
			isa = PBXProject;
			attributes = {
				BuildIndependentTargetsInParallel = 1;
				LastSwiftUpdateCheck = 1530;
				LastUpgradeCheck = 1530;
				TargetAttributes = {
					8BA8A5DC2BB0B5F60007FE6E = {
						CreatedOnToolsVersion = 15.3;
					};
				};
			};
			buildConfigurationList = 8BA8A5D82BB0B5F60007FE6E /* Build configuration list for PBXProject "Reminder App" */;
			compatibilityVersion = "Xcode 14.0";
			developmentRegion = en;
			hasScannedForEncodings = 0;
			knownRegions = (
				en,
				Base,
			);
			mainGroup = 8BA8A5D42BB0B5F60007FE6E;
			productRefGroup = 8BA8A5DE2BB0B5F60007FE6E /* Products */;
			projectDirPath = "";
			projectRoot = "";
			targets = (
				8BA8A5DC2BB0B5F60007FE6E /* Reminder App */,
			);
		};
/* End PBXProject section */

/* Begin PBXResourcesBuildPhase section */
		8BA8A5DB2BB0B5F60007FE6E /* Resources */ = {
			isa = PBXResourcesBuildPhase;
			buildActionMask = 2147483647;
			files = (
				8BA8A5E82BB0B5F80007FE6E /* Preview Assets.xcassets in Resources */,
				8BA8A5E52BB0B5F80007FE6E /* Assets.xcassets in Resources */,
			);
			runOnlyForDeploymentPostprocessing = 0;
		};
/* End PBXResourcesBuildPhase section */

/* Begin PBXSourcesBuildPhase section */
		8BA8A5D92BB0B5F60007FE6E /* Sources */ = {
			isa = PBXSourcesBuildPhase;
			buildActionMask = 2147483647;
			files = (
				8B3136B92BB35C38001AD76E /* ReminderListView.swift in Sources */,
				8B20F7602BBDE4A400B80827 /* CreateSectionView.swift in Sources */,
				8B3136BB2BB43043001AD76E /* ReminderRowView.swift in Sources */,
				8B3136B32BB204C4001AD76E /* Reminder.swift in Sources */,
				8B3136B72BB2075B001AD76E /* ReminderListRowView.swift in Sources */,
				8BA8A5E32BB0B5F60007FE6E /* HomeView.swift in Sources */,
				8BA8A5E12BB0B5F60007FE6E /* Reminder_AppApp.swift in Sources */,
				8B3136BF2BB4393C001AD76E /* ListCardView.swift in Sources */,
				8B3136B52BB204E0001AD76E /* ReminderList.swift in Sources */,
			);
			runOnlyForDeploymentPostprocessing = 0;
		};
/* End PBXSourcesBuildPhase section */

/* Begin XCBuildConfiguration section */
		8BA8A5E92BB0B5F80007FE6E /* Debug */ = {
			isa = XCBuildConfiguration;
			buildSettings = {
				ALWAYS_SEARCH_USER_PATHS = NO;
				ASSETCATALOG_COMPILER_GENERATE_SWIFT_ASSET_SYMBOL_EXTENSIONS = YES;
				CLANG_ANALYZER_NONNULL = YES;
				CLANG_ANALYZER_NUMBER_OBJECT_CONVERSION = YES_AGGRESSIVE;
				CLANG_CXX_LANGUAGE_STANDARD = "gnu++20";
				CLANG_ENABLE_MODULES = YES;
				CLANG_ENABLE_OBJC_ARC = YES;
				CLANG_ENABLE_OBJC_WEAK = YES;
				CLANG_WARN_BLOCK_CAPTURE_AUTORELEASING = YES;
				CLANG_WARN_BOOL_CONVERSION = YES;
				CLANG_WARN_COMMA = YES;
				CLANG_WARN_CONSTANT_CONVERSION = YES;
				CLANG_WARN_DEPRECATED_OBJC_IMPLEMENTATIONS = YES;
				CLANG_WARN_DIRECT_OBJC_ISA_USAGE = YES_ERROR;
				CLANG_WARN_DOCUMENTATION_COMMENTS = YES;
				CLANG_WARN_EMPTY_BODY = YES;
				CLANG_WARN_ENUM_CONVERSION = YES;
				CLANG_WARN_INFINITE_RECURSION = YES;
				CLANG_WARN_INT_CONVERSION = YES;
				CLANG_WARN_NON_LITERAL_NULL_CONVERSION = YES;
				CLANG_WARN_OBJC_IMPLICIT_RETAIN_SELF = YES;
				CLANG_WARN_OBJC_LITERAL_CONVERSION = YES;
				CLANG_WARN_OBJC_ROOT_CLASS = YES_ERROR;
				CLANG_WARN_QUOTED_INCLUDE_IN_FRAMEWORK_HEADER = YES;
				CLANG_WARN_RANGE_LOOP_ANALYSIS = YES;
				CLANG_WARN_STRICT_PROTOTYPES = YES;
				CLANG_WARN_SUSPICIOUS_MOVE = YES;
				CLANG_WARN_UNGUARDED_AVAILABILITY = YES_AGGRESSIVE;
				CLANG_WARN_UNREACHABLE_CODE = YES;
				CLANG_WARN__DUPLICATE_METHOD_MATCH = YES;
				COPY_PHASE_STRIP = NO;
				DEBUG_INFORMATION_FORMAT = dwarf;
				ENABLE_STRICT_OBJC_MSGSEND = YES;
				ENABLE_TESTABILITY = YES;
				ENABLE_USER_SCRIPT_SANDBOXING = YES;
				GCC_C_LANGUAGE_STANDARD = gnu17;
				GCC_DYNAMIC_NO_PIC = NO;
				GCC_NO_COMMON_BLOCKS = YES;
				GCC_OPTIMIZATION_LEVEL = 0;
				GCC_PREPROCESSOR_DEFINITIONS = (
					"DEBUG=1",
					"$(inherited)",
				);
				GCC_WARN_64_TO_32_BIT_CONVERSION = YES;
				GCC_WARN_ABOUT_RETURN_TYPE = YES_ERROR;
				GCC_WARN_UNDECLARED_SELECTOR = YES;
				GCC_WARN_UNINITIALIZED_AUTOS = YES_AGGRESSIVE;
				GCC_WARN_UNUSED_FUNCTION = YES;
				GCC_WARN_UNUSED_VARIABLE = YES;
				IPHONEOS_DEPLOYMENT_TARGET = 17.4;
				LOCALIZATION_PREFERS_STRING_CATALOGS = YES;
				MTL_ENABLE_DEBUG_INFO = INCLUDE_SOURCE;
				MTL_FAST_MATH = YES;
				ONLY_ACTIVE_ARCH = YES;
				SDKROOT = iphoneos;
				SWIFT_ACTIVE_COMPILATION_CONDITIONS = "DEBUG $(inherited)";
				SWIFT_OPTIMIZATION_LEVEL = "-Onone";
			};
			name = Debug;
		};
		8BA8A5EA2BB0B5F80007FE6E /* Release */ = {
			isa = XCBuildConfiguration;
			buildSettings = {
				ALWAYS_SEARCH_USER_PATHS = NO;
				ASSETCATALOG_COMPILER_GENERATE_SWIFT_ASSET_SYMBOL_EXTENSIONS = YES;
				CLANG_ANALYZER_NONNULL = YES;
				CLANG_ANALYZER_NUMBER_OBJECT_CONVERSION = YES_AGGRESSIVE;
				CLANG_CXX_LANGUAGE_STANDARD = "gnu++20";
				CLANG_ENABLE_MODULES = YES;
				CLANG_ENABLE_OBJC_ARC = YES;
				CLANG_ENABLE_OBJC_WEAK = YES;
				CLANG_WARN_BLOCK_CAPTURE_AUTORELEASING = YES;
				CLANG_WARN_BOOL_CONVERSION = YES;
				CLANG_WARN_COMMA = YES;
				CLANG_WARN_CONSTANT_CONVERSION = YES;
				CLANG_WARN_DEPRECATED_OBJC_IMPLEMENTATIONS = YES;
				CLANG_WARN_DIRECT_OBJC_ISA_USAGE = YES_ERROR;
				CLANG_WARN_DOCUMENTATION_COMMENTS = YES;
				CLANG_WARN_EMPTY_BODY = YES;
				CLANG_WARN_ENUM_CONVERSION = YES;
				CLANG_WARN_INFINITE_RECURSION = YES;
				CLANG_WARN_INT_CONVERSION = YES;
				CLANG_WARN_NON_LITERAL_NULL_CONVERSION = YES;
				CLANG_WARN_OBJC_IMPLICIT_RETAIN_SELF = YES;
				CLANG_WARN_OBJC_LITERAL_CONVERSION = YES;
				CLANG_WARN_OBJC_ROOT_CLASS = YES_ERROR;
				CLANG_WARN_QUOTED_INCLUDE_IN_FRAMEWORK_HEADER = YES;
				CLANG_WARN_RANGE_LOOP_ANALYSIS = YES;
				CLANG_WARN_STRICT_PROTOTYPES = YES;
				CLANG_WARN_SUSPICIOUS_MOVE = YES;
				CLANG_WARN_UNGUARDED_AVAILABILITY = YES_AGGRESSIVE;
				CLANG_WARN_UNREACHABLE_CODE = YES;
				CLANG_WARN__DUPLICATE_METHOD_MATCH = YES;
				COPY_PHASE_STRIP = NO;
				DEBUG_INFORMATION_FORMAT = "dwarf-with-dsym";
				ENABLE_NS_ASSERTIONS = NO;
				ENABLE_STRICT_OBJC_MSGSEND = YES;
				ENABLE_USER_SCRIPT_SANDBOXING = YES;
				GCC_C_LANGUAGE_STANDARD = gnu17;
				GCC_NO_COMMON_BLOCKS = YES;
				GCC_WARN_64_TO_32_BIT_CONVERSION = YES;
				GCC_WARN_ABOUT_RETURN_TYPE = YES_ERROR;
				GCC_WARN_UNDECLARED_SELECTOR = YES;
				GCC_WARN_UNINITIALIZED_AUTOS = YES_AGGRESSIVE;
				GCC_WARN_UNUSED_FUNCTION = YES;
				GCC_WARN_UNUSED_VARIABLE = YES;
				IPHONEOS_DEPLOYMENT_TARGET = 17.4;
				LOCALIZATION_PREFERS_STRING_CATALOGS = YES;
				MTL_ENABLE_DEBUG_INFO = NO;
				MTL_FAST_MATH = YES;
				SDKROOT = iphoneos;
				SWIFT_COMPILATION_MODE = wholemodule;
				VALIDATE_PRODUCT = YES;
			};
			name = Release;
		};
		8BA8A5EC2BB0B5F80007FE6E /* Debug */ = {
			isa = XCBuildConfiguration;
			buildSettings = {
				ASSETCATALOG_COMPILER_APPICON_NAME = AppIcon;
				ASSETCATALOG_COMPILER_GLOBAL_ACCENT_COLOR_NAME = AccentColor;
				CODE_SIGN_STYLE = Automatic;
				CURRENT_PROJECT_VERSION = 1;
				DEVELOPMENT_ASSET_PATHS = "\"Reminder App/Preview Content\"";
				ENABLE_PREVIEWS = YES;
				GENERATE_INFOPLIST_FILE = YES;
				INFOPLIST_KEY_UIApplicationSceneManifest_Generation = YES;
				INFOPLIST_KEY_UIApplicationSupportsIndirectInputEvents = YES;
				INFOPLIST_KEY_UILaunchScreen_Generation = YES;
				INFOPLIST_KEY_UISupportedInterfaceOrientations_iPad = "UIInterfaceOrientationPortrait UIInterfaceOrientationPortraitUpsideDown UIInterfaceOrientationLandscapeLeft UIInterfaceOrientationLandscapeRight";
				INFOPLIST_KEY_UISupportedInterfaceOrientations_iPhone = "UIInterfaceOrientationPortrait UIInterfaceOrientationLandscapeLeft UIInterfaceOrientationLandscapeRight";
				LD_RUNPATH_SEARCH_PATHS = (
					"$(inherited)",
					"@executable_path/Frameworks",
				);
				MARKETING_VERSION = 1.0;
				PRODUCT_BUNDLE_IDENTIFIER = "nikhil.Reminder-App";
				PRODUCT_NAME = "$(TARGET_NAME)";
				SWIFT_EMIT_LOC_STRINGS = YES;
				SWIFT_VERSION = 5.0;
				TARGETED_DEVICE_FAMILY = "1,2";
			};
			name = Debug;
		};
		8BA8A5ED2BB0B5F80007FE6E /* Release */ = {
			isa = XCBuildConfiguration;
			buildSettings = {
				ASSETCATALOG_COMPILER_APPICON_NAME = AppIcon;
				ASSETCATALOG_COMPILER_GLOBAL_ACCENT_COLOR_NAME = AccentColor;
				CODE_SIGN_STYLE = Automatic;
				CURRENT_PROJECT_VERSION = 1;
				DEVELOPMENT_ASSET_PATHS = "\"Reminder App/Preview Content\"";
				ENABLE_PREVIEWS = YES;
				GENERATE_INFOPLIST_FILE = YES;
				INFOPLIST_KEY_UIApplicationSceneManifest_Generation = YES;
				INFOPLIST_KEY_UIApplicationSupportsIndirectInputEvents = YES;
				INFOPLIST_KEY_UILaunchScreen_Generation = YES;
				INFOPLIST_KEY_UISupportedInterfaceOrientations_iPad = "UIInterfaceOrientationPortrait UIInterfaceOrientationPortraitUpsideDown UIInterfaceOrientationLandscapeLeft UIInterfaceOrientationLandscapeRight";
				INFOPLIST_KEY_UISupportedInterfaceOrientations_iPhone = "UIInterfaceOrientationPortrait UIInterfaceOrientationLandscapeLeft UIInterfaceOrientationLandscapeRight";
				LD_RUNPATH_SEARCH_PATHS = (
					"$(inherited)",
					"@executable_path/Frameworks",
				);
				MARKETING_VERSION = 1.0;
				PRODUCT_BUNDLE_IDENTIFIER = "nikhil.Reminder-App";
				PRODUCT_NAME = "$(TARGET_NAME)";
				SWIFT_EMIT_LOC_STRINGS = YES;
				SWIFT_VERSION = 5.0;
				TARGETED_DEVICE_FAMILY = "1,2";
			};
			name = Release;
		};
/* End XCBuildConfiguration section */

/* Begin XCConfigurationList section */
		8BA8A5D82BB0B5F60007FE6E /* Build configuration list for PBXProject "Reminder App" */ = {
			isa = XCConfigurationList;
			buildConfigurations = (
				8BA8A5E92BB0B5F80007FE6E /* Debug */,
				8BA8A5EA2BB0B5F80007FE6E /* Release */,
			);
			defaultConfigurationIsVisible = 0;
			defaultConfigurationName = Release;
		};
		8BA8A5EB2BB0B5F80007FE6E /* Build configuration list for PBXNativeTarget "Reminder App" */ = {
			isa = XCConfigurationList;
			buildConfigurations = (
				8BA8A5EC2BB0B5F80007FE6E /* Debug */,
				8BA8A5ED2BB0B5F80007FE6E /* Release */,
			);
			defaultConfigurationIsVisible = 0;
			defaultConfigurationName = Release;
		};
/* End XCConfigurationList section */
	};
	rootObject = 8BA8A5D52BB0B5F60007FE6E /* Project object */;
}
